# THIS IS AN AUTOGENERATED FILE. DO NOT EDIT THIS FILE DIRECTLY.
# yarn lockfile v1


ms@^2.1.1:
  version "2.1.2"
  resolved "https://registry.yarnpkg.com/ms/-/ms-2.1.2.tgz#d09d1f357b443f493382a8eb3ccd183872ae6009"
  integrity sha512-sGkPx+VjMtmA6MX27oA4FBFELFCZZ4S4XqeGOXCv68tT+jb3vk/RyaKWP0PTKyWtmLSM0b+adUTEvbs1PEaH2w==

"bolt11@https://github.com/LN-Zap/bolt11#0492874ea9ced4ab49bf0f59a62368687f147247":
  version "1.2.6"
  resolved "https://github.com/LN-Zap/bolt11#0492874ea9ced4ab49bf0f59a62368687f147247"
  dependencies:
    "@types/bn.js" "^4.11.3"
    bech32 "^1.1.2"
    bitcoinjs-lib "^3.3.1"
    bn.js "^4.11.8"
    coininfo "https://github.com/LN-Zap/coininfo#d7ac7be9c9c4ee74dada187f7762a55887a9c6ca"
    lodash "^4.17.11"
    safe-buffer "^5.1.1"
    secp256k1 "^3.4.0"
